{
  "name": "est-app",
  "version": "1.0.0",
  "lockfileVersion": 1,
  "requires": true,
  "dependencies": {
    "js-md5": {
      "version": "0.7.3",
      "resolved": "https://registry.npm.taobao.org/js-md5/download/js-md5-0.7.3.tgz",
      "integrity": "sha512-ZC41vPSTLKGwIRjqDh8DfXoCrdQIyBgspJVPXHBGu4nZlAEvG3nf+jO9avM9RmLiGakg7vz974ms99nEV0tmTQ=="
    },
  
    "uni-request": {
      "version": "1.0.2",
      "resolved": "https://registry.npm.taobao.org/uni-request/download/uni-request-1.0.2.tgz",
      "integrity": "sha512-NeenvswBYHMS2HoxedKapz5JEJYt31VAc3YTSdVvjGz/8T3LpZxRL21fQygj5fzLTALDZaDlv5pD168lJhlOww=="
    },
    "uni-simple-router": {
      "version": "1.2.4",
      "resolved": "https://registry.npmjs.org/uni-simple-router/-/uni-simple-router-1.2.4.tgz",
      "integrity": "sha512-M9cCn+VCX7gpUJ99hJdS3KBZ4nLUbQ6Ou21IXjQTPPdb0o4cRHwsO4536uCA/+FxJF8vNmKIJMxo+ewpjKmcEw=="
    }
   
  }
}
